
Microsoft Visual Studio Solution File, Format Version 12.00
# Visual Studio Version 17
VisualStudioVersion = 17.3.32929.385
MinimumVisualStudioVersion = 10.0.40219.1
Project("{FAE04EC0-301F-11D3-BF4B-00C04F79EFBC}") = "GlitchedMod", "GlitchedMod.csproj", "{46C0AA19-5CF1-4622-86D7-7035F5AD18B1}"
EndProject
Global
	GlobalSection(SolutionConfigurationPlatforms) = preSolution
		Debug|Any CPU = Debug|Any CPU
		Release|Any CPU = Release|Any CPU
	EndGlobalSection
	GlobalSection(ProjectConfigurationPlatforms) = postSolution
		{46C0AA19-5CF1-4622-86D7-7035F5AD18B1}.Debug|Any CPU.ActiveCfg = Debug|Any CPU
		{46C0AA19-5CF1-4622-86D7-7035F5AD18B1}.Debug|Any CPU.Build.0 = Debug|Any CPU
		{46C0AA19-5CF1-4622-86D7-7035F5AD18B1}.Release|Any CPU.ActiveCfg = Release|Any CPU
		{46C0AA19-5CF1-4622-86D7-7035F5AD18B1}.Release|Any CPU.Build.0 = Release|Any CPU
	EndGlobalSection
	GlobalSection(SolutionProperties) = preSolution
		HideSolutionNode = FALSE
	EndGlobalSection
	GlobalSection(ExtensibilityGlobals) = postSolution
		SolutionGuid = {B3597709-13BD-4061-9BB5-13A3840DC5D9}
	EndGlobalSection
EndGlobal
